// !$*UTF8*$!
{
	archiveVersion = 1;
	classes = {
	};
	objectVersion = 46;
	objects = {

/* Begin PBXBuildFile section */
		BF1F279E1C12BC0000197811 /* AppDelegate.swift in Sources */ = {isa = PBXBuildFile; fileRef = BF1F279D1C12BC0000197811 /* AppDelegate.swift */; };
		BF1F27A31C12BC0000197811 /* Main.storyboard in Resources */ = {isa = PBXBuildFile; fileRef = BF1F27A11C12BC0000197811 /* Main.storyboard */; };
		BF1F27A61C12BC0000197811 /* BG_Radios.xcdatamodeld in Sources */ = {isa = PBXBuildFile; fileRef = BF1F27A41C12BC0000197811 /* BG_Radios.xcdatamodeld */; };
		BF1F27A81C12BC0000197811 /* Assets.xcassets in Resources */ = {isa = PBXBuildFile; fileRef = BF1F27A71C12BC0000197811 /* Assets.xcassets */; };
		BF1F27AB1C12BC0000197811 /* LaunchScreen.storyboard in Resources */ = {isa = PBXBuildFile; fileRef = BF1F27A91C12BC0000197811 /* LaunchScreen.storyboard */; };
		BF1F27B31C12BC6600197811 /* Model.swift in Sources */ = {isa = PBXBuildFile; fileRef = BF1F27B21C12BC6600197811 /* Model.swift */; };
		BF1F27BD1C12CA4300197811 /* RadioTableViewController.swift in Sources */ = {isa = PBXBuildFile; fileRef = BF1F27BC1C12CA4300197811 /* RadioTableViewController.swift */; };
		BF1F27BF1C12CC8900197811 /* NavigationViewController.swift in Sources */ = {isa = PBXBuildFile; fileRef = BF1F27BE1C12CC8900197811 /* NavigationViewController.swift */; };
		BF1F27C11C12EFDE00197811 /* Default-568h@2x.png in Resources */ = {isa = PBXBuildFile; fileRef = BF1F27C01C12EFDE00197811 /* Default-568h@2x.png */; };
		BFD11FB01C14270E00B12E3F /* RadioCell.swift in Sources */ = {isa = PBXBuildFile; fileRef = BFD11FAF1C14270E00B12E3F /* RadioCell.swift */; };
		BFEB06341C133054000E17E3 /* RadioDetailViewController.swift in Sources */ = {isa = PBXBuildFile; fileRef = BFEB06331C133054000E17E3 /* RadioDetailViewController.swift */; };
/* End PBXBuildFile section */

/* Begin PBXFileReference section */
		BF1F279A1C12BC0000197811 /* BG Radios.app */ = {isa = PBXFileReference; explicitFileType = wrapper.application; includeInIndex = 0; path = "BG Radios.app"; sourceTree = BUILT_PRODUCTS_DIR; };
		BF1F279D1C12BC0000197811 /* AppDelegate.swift */ = {isa = PBXFileReference; lastKnownFileType = sourcecode.swift; path = AppDelegate.swift; sourceTree = "<group>"; };
		BF1F27A21C12BC0000197811 /* Base */ = {isa = PBXFileReference; lastKnownFileType = file.storyboard; name = Base; path = Base.lproj/Main.storyboard; sourceTree = "<group>"; };
		BF1F27A51C12BC0000197811 /* BG_Radios.xcdatamodel */ = {isa = PBXFileReference; lastKnownFileType = wrapper.xcdatamodel; path = BG_Radios.xcdatamodel; sourceTree = "<group>"; };
		BF1F27A71C12BC0000197811 /* Assets.xcassets */ = {isa = PBXFileReference; lastKnownFileType = folder.assetcatalog; path = Assets.xcassets; sourceTree = "<group>"; };
		BF1F27AA1C12BC0000197811 /* Base */ = {isa = PBXFileReference; lastKnownFileType = file.storyboard; name = Base; path = Base.lproj/LaunchScreen.storyboard; sourceTree = "<group>"; };
		BF1F27AC1C12BC0000197811 /* Info.plist */ = {isa = PBXFileReference; lastKnownFileType = text.plist.xml; path = Info.plist; sourceTree = "<group>"; };
		BF1F27B21C12BC6600197811 /* Model.swift */ = {isa = PBXFileReference; fileEncoding = 4; lastKnownFileType = sourcecode.swift; path = Model.swift; sourceTree = "<group>"; };
		BF1F27BC1C12CA4300197811 /* RadioTableViewController.swift */ = {isa = PBXFileReference; fileEncoding = 4; lastKnownFileType = sourcecode.swift; path = RadioTableViewController.swift; sourceTree = "<group>"; };
		BF1F27BE1C12CC8900197811 /* NavigationViewController.swift */ = {isa = PBXFileReference; fileEncoding = 4; lastKnownFileType = sourcecode.swift; path = NavigationViewController.swift; sourceTree = "<group>"; };
		BF1F27C01C12EFDE00197811 /* Default-568h@2x.png */ = {isa = PBXFileReference; lastKnownFileType = image.png; path = "Default-568h@2x.png"; sourceTree = "<group>"; };
		BFD11FAF1C14270E00B12E3F /* RadioCell.swift */ = {isa = PBXFileReference; fileEncoding = 4; lastKnownFileType = sourcecode.swift; path = RadioCell.swift; sourceTree = "<group>"; };
		BFEB06331C133054000E17E3 /* RadioDetailViewController.swift */ = {isa = PBXFileReference; fileEncoding = 4; lastKnownFileType = sourcecode.swift; path = RadioDetailViewController.swift; sourceTree = "<group>"; };
/* End PBXFileReference section */

/* Begin PBXFrameworksBuildPhase section */
		BF1F27971C12BC0000197811 /* Frameworks */ = {
			isa = PBXFrameworksBuildPhase;
			buildActionMask = 2147483647;
			files = (
			);
			runOnlyForDeploymentPostprocessing = 0;
		};
/* End PBXFrameworksBuildPhase section */

/* Begin PBXGroup section */
		BF1F27911C12BC0000197811 = {
			isa = PBXGroup;
			children = (
				BF1F27C01C12EFDE00197811 /* Default-568h@2x.png */,
				BF1F279C1C12BC0000197811 /* BG Radios */,
				BF1F279B1C12BC0000197811 /* Products */,
			);
			sourceTree = "<group>";
		};
		BF1F279B1C12BC0000197811 /* Products */ = {
			isa = PBXGroup;
			children = (
				BF1F279A1C12BC0000197811 /* BG Radios.app */,
			);
			name = Products;
			sourceTree = "<group>";
		};
		BF1F279C1C12BC0000197811 /* BG Radios */ = {
			isa = PBXGroup;
			children = (
				BFD11FAF1C14270E00B12E3F /* RadioCell.swift */,
				BF1F279D1C12BC0000197811 /* AppDelegate.swift */,
				BF1F27A11C12BC0000197811 /* Main.storyboard */,
				BF1F27A71C12BC0000197811 /* Assets.xcassets */,
				BF1F27A91C12BC0000197811 /* LaunchScreen.storyboard */,
				BF1F27AC1C12BC0000197811 /* Info.plist */,
				BF1F27A41C12BC0000197811 /* BG_Radios.xcdatamodeld */,
				BF1F27B21C12BC6600197811 /* Model.swift */,
				BF1F27BC1C12CA4300197811 /* RadioTableViewController.swift */,
				BF1F27BE1C12CC8900197811 /* NavigationViewController.swift */,
				BFEB06331C133054000E17E3 /* RadioDetailViewController.swift */,
			);
			path = "BG Radios";
			sourceTree = "<group>";
		};
/* End PBXGroup section */

/* Begin PBXNativeTarget section */
		BF1F27991C12BC0000197811 /* BG Radios */ = {
			isa = PBXNativeTarget;
			buildConfigurationList = BF1F27AF1C12BC0000197811 /* Build configuration list for PBXNativeTarget "BG Radios" */;
			buildPhases = (
				BF1F27961C12BC0000197811 /* Sources */,
				BF1F27971C12BC0000197811 /* Frameworks */,
				BF1F27981C12BC0000197811 /* Resources */,
			);
			buildRules = (
			);
			dependencies = (
			);
			name = "BG Radios";
			productName = "BG Radios";
			productReference = BF1F279A1C12BC0000197811 /* BG Radios.app */;
			productType = "com.apple.product-type.application";
		};
/* End PBXNativeTarget section */

/* Begin PBXProject section */
		BF1F27921C12BC0000197811 /* Project object */ = {
			isa = PBXProject;
			attributes = {
				LastSwiftUpdateCheck = 0710;
				LastUpgradeCheck = 0710;
				ORGANIZATIONNAME = "Emiliyan Gospodinov";
				TargetAttributes = {
					BF1F27991C12BC0000197811 = {
						CreatedOnToolsVersion = 7.1.1;
					};
				};
			};
			buildConfigurationList = BF1F27951C12BC0000197811 /* Build configuration list for PBXProject "BG Radios" */;
			compatibilityVersion = "Xcode 3.2";
			developmentRegion = English;
			hasScannedForEncodings = 0;
			knownRegions = (
				en,
				Base,
			);
			mainGroup = BF1F27911C12BC0000197811;
			productRefGroup = BF1F279B1C12BC0000197811 /* Products */;
			projectDirPath = "";
			projectRoot = "";
			targets = (
				BF1F27991C12BC0000197811 /* BG Radios */,
			);
		};
/* End PBXProject section */

/* Begin PBXResourcesBuildPhase section */
		BF1F27981C12BC0000197811 /* Resources */ = {
			isa = PBXResourcesBuildPhase;
			buildActionMask = 2147483647;
			files = (
				BF1F27AB1C12BC0000197811 /* LaunchScreen.storyboard in Resources */,
				BF1F27C11C12EFDE00197811 /* Default-568h@2x.png in Resources */,
				BF1F27A81C12BC0000197811 /* Assets.xcassets in Resources */,
				BF1F27A31C12BC0000197811 /* Main.storyboard in Resources */,
			);
			runOnlyForDeploymentPostprocessing = 0;
		};
/* End PBXResourcesBuildPhase section */

/* Begin PBXSourcesBuildPhase section */
		BF1F27961C12BC0000197811 /* Sources */ = {
			isa = PBXSourcesBuildPhase;
			buildActionMask = 2147483647;
			files = (
				BF1F27BF1C12CC8900197811 /* NavigationViewController.swift in Sources */,
				BFEB06341C133054000E17E3 /* RadioDetailViewController.swift in Sources */,
				BF1F27A61C12BC0000197811 /* BG_Radios.xcdatamodeld in Sources */,
				BF1F27BD1C12CA4300197811 /* RadioTableViewController.swift in Sources */,
				BF1F279E1C12BC0000197811 /* AppDelegate.swift in Sources */,
				BF1F27B31C12BC6600197811 /* Model.swift in Sources */,
				BFD11FB01C14270E00B12E3F /* RadioCell.swift in Sources */,
			);
			runOnlyForDeploymentPostprocessing = 0;
		};
/* End PBXSourcesBuildPhase section */

/* Begin PBXVariantGroup section */
		BF1F27A11C12BC0000197811 /* Main.storyboard */ = {
			isa = PBXVariantGroup;
			children = (
				BF1F27A21C12BC0000197811 /* Base */,
			);
			name = Main.storyboard;
			sourceTree = "<group>";
		};
		BF1F27A91C12BC0000197811 /* LaunchScreen.storyboard */ = {
			isa = PBXVariantGroup;
			children = (
				BF1F27AA1C12BC0000197811 /* Base */,
			);
			name = LaunchScreen.storyboard;
			sourceTree = "<group>";
		};
/* End PBXVariantGroup section */

/* Begin XCBuildConfiguration section */
		BF1F27AD1C12BC0000197811 /* Debug */ = {
			isa = XCBuildConfiguration;
			buildSettings = {
				ALWAYS_SEARCH_USER_PATHS = NO;
				CLANG_CXX_LANGUAGE_STANDARD = "gnu++0x";
				CLANG_CXX_LIBRARY = "libc++";
				CLANG_ENABLE_MODULES = YES;
				CLANG_ENABLE_OBJC_ARC = YES;
				CLANG_WARN_BOOL_CONVERSION = YES;
				CLANG_WARN_CONSTANT_CONVERSION = YES;
				CLANG_WARN_DIRECT_OBJC_ISA_USAGE = YES_ERROR;
				CLANG_WARN_EMPTY_BODY = YES;
				CLANG_WARN_ENUM_CONVERSION = YES;
				CLANG_WARN_INT_CONVERSION = YES;
				CLANG_WARN_OBJC_ROOT_CLASS = YES_ERROR;
				CLANG_WARN_UNREACHABLE_CODE = YES;
				CLANG_WARN__DUPLICATE_METHOD_MATCH = YES;
				"CODE_SIGN_IDENTITY[sdk=iphoneos*]" = "iPhone Developer";
				COPY_PHASE_STRIP = NO;
				DEBUG_INFORMATION_FORMAT = dwarf;
				ENABLE_STRICT_OBJC_MSGSEND = YES;
				ENABLE_TESTABILITY = YES;
				GCC_C_LANGUAGE_STANDARD = gnu99;
				GCC_DYNAMIC_NO_PIC = NO;
				GCC_NO_COMMON_BLOCKS = YES;
				GCC_OPTIMIZATION_LEVEL = 0;
				GCC_PREPROCESSOR_DEFINITIONS = (
					"DEBUG=1",
					"$(inherited)",
				);
				GCC_WARN_64_TO_32_BIT_CONVERSION = YES;
				GCC_WARN_ABOUT_RETURN_TYPE = YES_ERROR;
				GCC_WARN_UNDECLARED_SELECTOR = YES;
				GCC_WARN_UNINITIALIZED_AUTOS = YES_AGGRESSIVE;
				GCC_WARN_UNUSED_FUNCTION = YES;
				GCC_WARN_UNUSED_VARIABLE = YES;
				IPHONEOS_DEPLOYMENT_TARGET = 9.1;
				MTL_ENABLE_DEBUG_INFO = YES;
				ONLY_ACTIVE_ARCH = YES;
				SDKROOT = iphoneos;
				SWIFT_OPTIMIZATION_LEVEL = "-Onone";
				TARGETED_DEVICE_FAMILY = "1,2";
			};
			name = Debug;
		};
		BF1F27AE1C12BC0000197811 /* Release */ = {
			isa = XCBuildConfiguration;
			buildSettings = {
				ALWAYS_SEARCH_USER_PATHS = NO;
				CLANG_CXX_LANGUAGE_STANDARD = "gnu++0x";
				CLANG_CXX_LIBRARY = "libc++";
				CLANG_ENABLE_MODULES = YES;
				CLANG_ENABLE_OBJC_ARC = YES;
				CLANG_WARN_BOOL_CONVERSION = YES;
				CLANG_WARN_CONSTANT_CONVERSION = YES;
				CLANG_WARN_DIRECT_OBJC_ISA_USAGE = YES_ERROR;
				CLANG_WARN_EMPTY_BODY = YES;
				CLANG_WARN_ENUM_CONVERSION = YES;
				CLANG_WARN_INT_CONVERSION = YES;
				CLANG_WARN_OBJC_ROOT_CLASS = YES_ERROR;
				CLANG_WARN_UNREACHABLE_CODE = YES;
				CLANG_WARN__DUPLICATE_METHOD_MATCH = YES;
				"CODE_SIGN_IDENTITY[sdk=iphoneos*]" = "iPhone Developer";
				COPY_PHASE_STRIP = NO;
				DEBUG_INFORMATION_FORMAT = "dwarf-with-dsym";
				ENABLE_NS_ASSERTIONS = NO;
				ENABLE_STRICT_OBJC_MSGSEND = YES;
				GCC_C_LANGUAGE_STANDARD = gnu99;
				GCC_NO_COMMON_BLOCKS = YES;
				GCC_WARN_64_TO_32_BIT_CONVERSION = YES;
				GCC_WARN_ABOUT_RETURN_TYPE = YES_ERROR;
				GCC_WARN_UNDECLARED_SELECTOR = YES;
				GCC_WARN_UNINITIALIZED_AUTOS = YES_AGGRESSIVE;
				GCC_WARN_UNUSED_FUNCTION = YES;
				GCC_WARN_UNUSED_VARIABLE = YES;
				IPHONEOS_DEPLOYMENT_TARGET = 9.1;
				MTL_ENABLE_DEBUG_INFO = NO;
				SDKROOT = iphoneos;
				TARGETED_DEVICE_FAMILY = "1,2";
				VALIDATE_PRODUCT = YES;
			};
			name = Release;
		};
		BF1F27B01C12BC0000197811 /* Debug */ = {
			isa = XCBuildConfiguration;
			buildSettings = {
				ASSETCATALOG_COMPILER_APPICON_NAME = AppIcon;
				INFOPLIST_FILE = "BG Radios/Info.plist";
				LD_RUNPATH_SEARCH_PATHS = "$(inherited) @executable_path/Frameworks";
				PRODUCT_BUNDLE_IDENTIFIER = "com.emonidi.BG-Radios";
				PRODUCT_NAME = "$(TARGET_NAME)";
			};
			name = Debug;
		};
		BF1F27B11C12BC0000197811 /* Release */ = {
			isa = XCBuildConfiguration;
			buildSettings = {
				ASSETCATALOG_COMPILER_APPICON_NAME = AppIcon;
				INFOPLIST_FILE = "BG Radios/Info.plist";
				LD_RUNPATH_SEARCH_PATHS = "$(inherited) @executable_path/Frameworks";
				PRODUCT_BUNDLE_IDENTIFIER = "com.emonidi.BG-Radios";
				PRODUCT_NAME = "$(TARGET_NAME)";
			};
			name = Release;
		};
/* End XCBuildConfiguration section */

/* Begin XCConfigurationList section */
		BF1F27951C12BC0000197811 /* Build configuration list for PBXProject "BG Radios" */ = {
			isa = XCConfigurationList;
			buildConfigurations = (
				BF1F27AD1C12BC0000197811 /* Debug */,
				BF1F27AE1C12BC0000197811 /* Release */,
			);
			defaultConfigurationIsVisible = 0;
			defaultConfigurationName = Release;
		};
		BF1F27AF1C12BC0000197811 /* Build configuration list for PBXNativeTarget "BG Radios" */ = {
			isa = XCConfigurationList;
			buildConfigurations = (
				BF1F27B01C12BC0000197811 /* Debug */,
				BF1F27B11C12BC0000197811 /* Release */,
			);
			defaultConfigurationIsVisible = 0;
			defaultConfigurationName = Release;
		};
/* End XCConfigurationList section */

/* Begin XCVersionGroup section */
		BF1F27A41C12BC0000197811 /* BG_Radios.xcdatamodeld */ = {
			isa = XCVersionGroup;
			children = (
				BF1F27A51C12BC0000197811 /* BG_Radios.xcdatamodel */,
			);
			currentVersion = BF1F27A51C12BC0000197811 /* BG_Radios.xcdatamodel */;
			path = BG_Radios.xcdatamodeld;
			sourceTree = "<group>";
			versionGroupType = wrapper.xcdatamodel;
		};
/* End XCVersionGroup section */
	};
	rootObject = BF1F27921C12BC0000197811 /* Project object */;
}
